lockVersion: 2.0.0
id: ca02bed5-0cdd-4be0-b5cc-9a4ffe7dcedf
management:
  docChecksum: 59d0490469bf54b08f35db63806cca16
  docVersion: 1.0.0
  speakeasyVersion: internal
  generationVersion: 2.231.0
  releaseVersion: 0.8.0
  configChecksum: 655eb7a54d4f9720a7411f41620a29d1
  repoURL: https://github.com/speakeasy-sdks/globalping-go.git
  repoSubDirectory: .
  installationURL: https://github.com/speakeasy-sdks/globalping-go
  published: true
features:
  go:
    constsAndDefaults: 0.1.2
    core: 3.3.0
    globalServerURLs: 2.82.1
    unions: 2.85.2
generatedFiles:
  - measurements.go
  - probes.go
  - globalping.go
  - go.mod
  - go.sum
  - tests/helpers.go
  - pkg/models/sdkerrors/sdkerror.go
  - pkg/types/bigint.go
  - pkg/types/date.go
  - pkg/types/datetime.go
  - pkg/types/decimal.go
  - pkg/types/pointers.go
  - pkg/utils/contenttype.go
  - pkg/utils/form.go
  - pkg/utils/headers.go
  - pkg/utils/json.go
  - pkg/utils/pathparams.go
  - pkg/utils/queryparams.go
  - pkg/utils/requestbody.go
  - pkg/utils/retries.go
  - pkg/utils/security.go
  - pkg/utils/utils.go
  - /pkg/models/operations/createmeasurement.go
  - /pkg/models/operations/getmeasurement.go
  - /pkg/models/operations/listprobes.go
  - /pkg/models/shared/createmeasurementresponse.go
  - /pkg/models/shared/measurementrequest.go
  - /pkg/models/shared/measurementtype.go
  - /pkg/models/shared/measurementoptions.go
  - /pkg/models/shared/measurementpingoptions.go
  - /pkg/models/shared/measurementtracerouteoptions.go
  - /pkg/models/shared/measurementdnsoptions.go
  - /pkg/models/shared/measurementmtroptions.go
  - /pkg/models/shared/measurementhttpoptions.go
  - /pkg/models/shared/measurementlocations.go
  - /pkg/models/shared/measurementlocationoption.go
  - /pkg/models/shared/regionname.go
  - /pkg/models/shared/continentcode.go
  - /pkg/models/shared/measurementstatus.go
  - /pkg/models/shared/measurementresultitem.go
  - /pkg/models/shared/testresult.go
  - /pkg/models/shared/inprogresstestresult.go
  - /pkg/models/shared/failedtestresult.go
  - /pkg/models/shared/offlinetestresult.go
  - /pkg/models/shared/finishedpingtestresult.go
  - /pkg/models/shared/finishedtraceroutetestresult.go
  - /pkg/models/shared/finisheddnstestresult.go
  - /pkg/models/shared/finishedsimplednstestresult.go
  - /pkg/models/shared/dnstestanswer.go
  - /pkg/models/shared/finishedtracednstestresult.go
  - /pkg/models/shared/dnstesthopresult.go
  - /pkg/models/shared/finishedmtrtestresult.go
  - /pkg/models/shared/finishedhttptestresult.go
  - /pkg/models/shared/tlscertificate.go
  - /pkg/models/shared/tlscertificatesubject.go
  - /pkg/models/shared/tlscertificateissuer.go
  - /pkg/models/shared/probe.go
  - /pkg/models/shared/probelocation.go
  - /pkg/models/sdkerrors/createmeasurement.go
  - /pkg/models/sdkerrors/getmeasurement.go
  - docs/pkg/models/operations/createmeasurementresponse.md
  - docs/pkg/models/operations/getmeasurementrequest.md
  - docs/pkg/models/operations/getmeasurementresponsebody.md
  - docs/pkg/models/operations/getmeasurementresponse.md
  - docs/pkg/models/operations/listprobesresponse.md
  - docs/pkg/models/shared/createmeasurementresponse.md
  - docs/pkg/models/shared/measurementrequest.md
  - docs/pkg/models/shared/measurementtype.md
  - docs/pkg/models/shared/measurementoptions.md
  - docs/pkg/models/shared/measurementpingoptions.md
  - docs/pkg/models/shared/measurementtracerouteoptionsprotocol.md
  - docs/pkg/models/shared/measurementtracerouteoptions.md
  - docs/pkg/models/shared/protocol.md
  - docs/pkg/models/shared/type.md
  - docs/pkg/models/shared/query.md
  - docs/pkg/models/shared/measurementdnsoptions.md
  - docs/pkg/models/shared/measurementmtroptionsprotocol.md
  - docs/pkg/models/shared/measurementmtroptions.md
  - docs/pkg/models/shared/measurementhttpoptionsprotocol.md
  - docs/pkg/models/shared/method.md
  - docs/pkg/models/shared/request.md
  - docs/pkg/models/shared/measurementhttpoptions.md
  - docs/pkg/models/shared/measurementlocations.md
  - docs/pkg/models/shared/measurementlocationoption.md
  - docs/pkg/models/shared/regionname.md
  - docs/pkg/models/shared/continentcode.md
  - docs/pkg/models/shared/measurementstatus.md
  - docs/pkg/models/shared/measurementresultitemprobe.md
  - docs/pkg/models/shared/measurementresultitem.md
  - docs/pkg/models/shared/testresult.md
  - docs/pkg/models/shared/inprogresstestresult.md
  - docs/pkg/models/shared/failedtestresult.md
  - docs/pkg/models/shared/offlinetestresult.md
  - docs/pkg/models/shared/stats.md
  - docs/pkg/models/shared/finishedpingtestresulttimings.md
  - docs/pkg/models/shared/finishedpingtestresult.md
  - docs/pkg/models/shared/finishedtraceroutetestresulttimings.md
  - docs/pkg/models/shared/finishedtraceroutetestresulthops.md
  - docs/pkg/models/shared/finishedtraceroutetestresult.md
  - docs/pkg/models/shared/finisheddnstestresult.md
  - docs/pkg/models/shared/finishedsimplednstestresulttimings.md
  - docs/pkg/models/shared/finishedsimplednstestresult.md
  - docs/pkg/models/shared/dnstestanswer.md
  - docs/pkg/models/shared/finishedtracednstestresult.md
  - docs/pkg/models/shared/timings.md
  - docs/pkg/models/shared/dnstesthopresult.md
  - docs/pkg/models/shared/finishedmtrtestresultstats.md
  - docs/pkg/models/shared/finishedmtrtestresulttimings.md
  - docs/pkg/models/shared/hops.md
  - docs/pkg/models/shared/finishedmtrtestresult.md
  - docs/pkg/models/shared/finishedhttptestresulttimings.md
  - docs/pkg/models/shared/finishedhttptestresult.md
  - docs/pkg/models/shared/tlscertificate.md
  - docs/pkg/models/shared/tlscertificatesubject.md
  - docs/pkg/models/shared/tlscertificateissuer.md
  - docs/pkg/models/shared/probe.md
  - docs/pkg/models/shared/probelocation.md
  - docs/pkg/models/sdkerrors/createmeasurementmeasurementserror.md
  - docs/pkg/models/sdkerrors/createmeasurementmeasurementsresponseresponsebody.md
  - docs/pkg/models/sdkerrors/createmeasurementerror.md
  - docs/pkg/models/sdkerrors/createmeasurementmeasurementsresponsebody.md
  - docs/pkg/models/sdkerrors/error.md
  - docs/pkg/models/sdkerrors/createmeasurementresponsebody.md
  - docs/pkg/models/sdkerrors/getmeasurementerror.md
  - docs/pkg/models/sdkerrors/getmeasurementresponsebody.md
  - docs/sdks/globalping/README.md
  - docs/sdks/measurements/README.md
  - docs/sdks/probes/README.md
  - USAGE.md
  - .gitattributes
